
Microsoft Visual Studio Solution File, Format Version 12.00
# Visual Studio Version 17
VisualStudioVersion = 17.0.32014.148
MinimumVisualStudioVersion = 10.0.40219.1
Project("{FAE04EC0-301F-11D3-BF4B-00C04F79EFBC}") = "test", "test\test.csproj", "{CFB344B0-29F4-45EF-8237-8A6CCC5D4A6D}"
EndProject
Global
	GlobalSection(SolutionConfigurationPlatforms) = preSolution
		Debug|Any CPU = Debug|Any CPU
		Release|Any CPU = Release|Any CPU
	EndGlobalSection
	GlobalSection(ProjectConfigurationPlatforms) = postSolution
		{CFB344B0-29F4-45EF-8237-8A6CCC5D4A6D}.Debug|Any CPU.ActiveCfg = Debug|Any CPU
		{CFB344B0-29F4-45EF-8237-8A6CCC5D4A6D}.Debug|Any CPU.Build.0 = Debug|Any CPU
		{CFB344B0-29F4-45EF-8237-8A6CCC5D4A6D}.Release|Any CPU.ActiveCfg = Release|Any CPU
		{CFB344B0-29F4-45EF-8237-8A6CCC5D4A6D}.Release|Any CPU.Build.0 = Release|Any CPU
	EndGlobalSection
	GlobalSection(SolutionProperties) = preSolution
		HideSolutionNode = FALSE
	EndGlobalSection
	GlobalSection(ExtensibilityGlobals) = postSolution
		SolutionGuid = {5C52C2F9-9DAC-4284-8836-CDD18EB003F4}
	EndGlobalSection
EndGlobal
